
Microsoft Visual Studio Solution File, Format Version 12.00
# Visual Studio Version 16
VisualStudioVersion = 16.0.28803.202
MinimumVisualStudioVersion = 10.0.40219.1
Project("{FAE04EC0-301F-11D3-BF4B-00C04F79EFBC}") = "Client", "Client\Client.csproj", "{C7F19AEE-BFB6-4F75-94E0-6196D1B3F641}"
EndProject
Project("{9A19103F-16F7-4668-BE54-9A1E7A4F7556}") = "Models", "Models\Models.csproj", "{C68B70E0-DF4C-4FE5-98ED-9D50C2E70ECE}"
EndProject
Project("{FAE04EC0-301F-11D3-BF4B-00C04F79EFBC}") = "ApiControl", "DemoLibrary\ApiControl.csproj", "{505EC98D-76C4-45AD-BD9E-49C78BADBA56}"
EndProject
Global
	GlobalSection(SolutionConfigurationPlatforms) = preSolution
		Debug|Any CPU = Debug|Any CPU
		Release|Any CPU = Release|Any CPU
	EndGlobalSection
	GlobalSection(ProjectConfigurationPlatforms) = postSolution
		{C7F19AEE-BFB6-4F75-94E0-6196D1B3F641}.Debug|Any CPU.ActiveCfg = Debug|Any CPU
		{C7F19AEE-BFB6-4F75-94E0-6196D1B3F641}.Debug|Any CPU.Build.0 = Debug|Any CPU
		{C7F19AEE-BFB6-4F75-94E0-6196D1B3F641}.Release|Any CPU.ActiveCfg = Release|Any CPU
		{C7F19AEE-BFB6-4F75-94E0-6196D1B3F641}.Release|Any CPU.Build.0 = Release|Any CPU
		{C68B70E0-DF4C-4FE5-98ED-9D50C2E70ECE}.Debug|Any CPU.ActiveCfg = Debug|Any CPU
		{C68B70E0-DF4C-4FE5-98ED-9D50C2E70ECE}.Debug|Any CPU.Build.0 = Debug|Any CPU
		{C68B70E0-DF4C-4FE5-98ED-9D50C2E70ECE}.Release|Any CPU.ActiveCfg = Release|Any CPU
		{C68B70E0-DF4C-4FE5-98ED-9D50C2E70ECE}.Release|Any CPU.Build.0 = Release|Any CPU
		{505EC98D-76C4-45AD-BD9E-49C78BADBA56}.Debug|Any CPU.ActiveCfg = Debug|Any CPU
		{505EC98D-76C4-45AD-BD9E-49C78BADBA56}.Debug|Any CPU.Build.0 = Debug|Any CPU
		{505EC98D-76C4-45AD-BD9E-49C78BADBA56}.Release|Any CPU.ActiveCfg = Release|Any CPU
		{505EC98D-76C4-45AD-BD9E-49C78BADBA56}.Release|Any CPU.Build.0 = Release|Any CPU
	EndGlobalSection
	GlobalSection(SolutionProperties) = preSolution
		HideSolutionNode = FALSE
	EndGlobalSection
	GlobalSection(ExtensibilityGlobals) = postSolution
		SolutionGuid = {66D7EFB6-622F-402E-BD75-E04DFC25EE80}
	EndGlobalSection
EndGlobal
