
Microsoft Visual Studio Solution File, Format Version 12.00
# Visual Studio Version 16
VisualStudioVersion = 16.0.28803.202
MinimumVisualStudioVersion = 10.0.40219.1
Project("{9A19103F-16F7-4668-BE54-9A1E7A4F7556}") = "Server", "Server\Server.csproj", "{E2ED8028-B223-401D-A328-BE143AB59DBD}"
EndProject
Project("{9A19103F-16F7-4668-BE54-9A1E7A4F7556}") = "Contracts", "Contracts\Contracts.csproj", "{0DFA708D-1491-4587-A1E9-C2241C589F48}"
EndProject
Project("{9A19103F-16F7-4668-BE54-9A1E7A4F7556}") = "LoggerServices", "LoggerService\LoggerServices.csproj", "{94404899-6EAF-4BEF-85B6-2AE3B63ECC7E}"
EndProject
Project("{9A19103F-16F7-4668-BE54-9A1E7A4F7556}") = "Entities", "Entities\Entities.csproj", "{E1EB06D6-2C26-479C-B22F-E369EFA38DE0}"
EndProject
Project("{9A19103F-16F7-4668-BE54-9A1E7A4F7556}") = "Repository", "Repository\Repository.csproj", "{D9B16185-46FB-49D5-BA81-E2CE9FA9313D}"
EndProject
Project("{FAE04EC0-301F-11D3-BF4B-00C04F79EFBC}") = "Authorization", "Authorization\Authorization.csproj", "{DC8A9856-081F-4731-8B23-A68B3F43B7CC}"
EndProject
Global
	GlobalSection(SolutionConfigurationPlatforms) = preSolution
		Debug|Any CPU = Debug|Any CPU
		Release|Any CPU = Release|Any CPU
	EndGlobalSection
	GlobalSection(ProjectConfigurationPlatforms) = postSolution
		{E2ED8028-B223-401D-A328-BE143AB59DBD}.Debug|Any CPU.ActiveCfg = Debug|Any CPU
		{E2ED8028-B223-401D-A328-BE143AB59DBD}.Debug|Any CPU.Build.0 = Debug|Any CPU
		{E2ED8028-B223-401D-A328-BE143AB59DBD}.Release|Any CPU.ActiveCfg = Release|Any CPU
		{E2ED8028-B223-401D-A328-BE143AB59DBD}.Release|Any CPU.Build.0 = Release|Any CPU
		{0DFA708D-1491-4587-A1E9-C2241C589F48}.Debug|Any CPU.ActiveCfg = Debug|Any CPU
		{0DFA708D-1491-4587-A1E9-C2241C589F48}.Debug|Any CPU.Build.0 = Debug|Any CPU
		{0DFA708D-1491-4587-A1E9-C2241C589F48}.Release|Any CPU.ActiveCfg = Release|Any CPU
		{0DFA708D-1491-4587-A1E9-C2241C589F48}.Release|Any CPU.Build.0 = Release|Any CPU
		{94404899-6EAF-4BEF-85B6-2AE3B63ECC7E}.Debug|Any CPU.ActiveCfg = Debug|Any CPU
		{94404899-6EAF-4BEF-85B6-2AE3B63ECC7E}.Debug|Any CPU.Build.0 = Debug|Any CPU
		{94404899-6EAF-4BEF-85B6-2AE3B63ECC7E}.Release|Any CPU.ActiveCfg = Release|Any CPU
		{94404899-6EAF-4BEF-85B6-2AE3B63ECC7E}.Release|Any CPU.Build.0 = Release|Any CPU
		{E1EB06D6-2C26-479C-B22F-E369EFA38DE0}.Debug|Any CPU.ActiveCfg = Debug|Any CPU
		{E1EB06D6-2C26-479C-B22F-E369EFA38DE0}.Debug|Any CPU.Build.0 = Debug|Any CPU
		{E1EB06D6-2C26-479C-B22F-E369EFA38DE0}.Release|Any CPU.ActiveCfg = Release|Any CPU
		{E1EB06D6-2C26-479C-B22F-E369EFA38DE0}.Release|Any CPU.Build.0 = Release|Any CPU
		{D9B16185-46FB-49D5-BA81-E2CE9FA9313D}.Debug|Any CPU.ActiveCfg = Debug|Any CPU
		{D9B16185-46FB-49D5-BA81-E2CE9FA9313D}.Debug|Any CPU.Build.0 = Debug|Any CPU
		{D9B16185-46FB-49D5-BA81-E2CE9FA9313D}.Release|Any CPU.ActiveCfg = Release|Any CPU
		{D9B16185-46FB-49D5-BA81-E2CE9FA9313D}.Release|Any CPU.Build.0 = Release|Any CPU
		{DC8A9856-081F-4731-8B23-A68B3F43B7CC}.Debug|Any CPU.ActiveCfg = Debug|Any CPU
		{DC8A9856-081F-4731-8B23-A68B3F43B7CC}.Debug|Any CPU.Build.0 = Debug|Any CPU
		{DC8A9856-081F-4731-8B23-A68B3F43B7CC}.Release|Any CPU.ActiveCfg = Release|Any CPU
		{DC8A9856-081F-4731-8B23-A68B3F43B7CC}.Release|Any CPU.Build.0 = Release|Any CPU
	EndGlobalSection
	GlobalSection(SolutionProperties) = preSolution
		HideSolutionNode = FALSE
	EndGlobalSection
	GlobalSection(ExtensibilityGlobals) = postSolution
		SolutionGuid = {DEA9DFEF-184A-4AD4-8767-D9DBB196ADD6}
	EndGlobalSection
EndGlobal
